
Microsoft Visual Studio Solution File, Format Version 12.00
# Visual Studio Version 17
VisualStudioVersion = 17.2.32519.379
MinimumVisualStudioVersion = 10.0.40219.1
Project("{FAE04EC0-301F-11D3-BF4B-00C04F79EFBC}") = "WaproCrystalrapTester", "WaproCrystalrapTester.csproj", "{274C7AB3-DC20-4D99-AA93-D2CAD18C9DE9}"
EndProject
Global
	GlobalSection(SolutionConfigurationPlatforms) = preSolution
		Debug|Any CPU = Debug|Any CPU
		Release|Any CPU = Release|Any CPU
	EndGlobalSection
	GlobalSection(ProjectConfigurationPlatforms) = postSolution
		{274C7AB3-DC20-4D99-AA93-D2CAD18C9DE9}.Debug|Any CPU.ActiveCfg = Debug|Any CPU
		{274C7AB3-DC20-4D99-AA93-D2CAD18C9DE9}.Debug|Any CPU.Build.0 = Debug|Any CPU
		{274C7AB3-DC20-4D99-AA93-D2CAD18C9DE9}.Release|Any CPU.ActiveCfg = Release|Any CPU
		{274C7AB3-DC20-4D99-AA93-D2CAD18C9DE9}.Release|Any CPU.Build.0 = Release|Any CPU
	EndGlobalSection
	GlobalSection(SolutionProperties) = preSolution
		HideSolutionNode = FALSE
	EndGlobalSection
	GlobalSection(ExtensibilityGlobals) = postSolution
		SolutionGuid = {69E247FC-5C46-451B-AEBD-F7D6C12FC69D}
	EndGlobalSection
EndGlobal
